
Microsoft Visual Studio Solution File, Format Version 12.00
# Visual Studio Version 17
VisualStudioVersion = 17.7.34031.279
MinimumVisualStudioVersion = 10.0.40219.1
Project("{9A19103F-16F7-4668-BE54-9A1E7A4F7556}") = "Lab_11_2", "Lab_11_2.csproj", "{57BAD323-1E8E-4306-9621-A5CA1BC28F13}"
EndProject
Global
	GlobalSection(SolutionConfigurationPlatforms) = preSolution
		Debug|Any CPU = Debug|Any CPU
		Release|Any CPU = Release|Any CPU
	EndGlobalSection
	GlobalSection(ProjectConfigurationPlatforms) = postSolution
		{57BAD323-1E8E-4306-9621-A5CA1BC28F13}.Debug|Any CPU.ActiveCfg = Debug|Any CPU
		{57BAD323-1E8E-4306-9621-A5CA1BC28F13}.Debug|Any CPU.Build.0 = Debug|Any CPU
		{57BAD323-1E8E-4306-9621-A5CA1BC28F13}.Release|Any CPU.ActiveCfg = Release|Any CPU
		{57BAD323-1E8E-4306-9621-A5CA1BC28F13}.Release|Any CPU.Build.0 = Release|Any CPU
	EndGlobalSection
	GlobalSection(SolutionProperties) = preSolution
		HideSolutionNode = FALSE
	EndGlobalSection
	GlobalSection(ExtensibilityGlobals) = postSolution
		SolutionGuid = {87DFAF9D-9339-49F5-9B53-2C8E874AB380}
	EndGlobalSection
EndGlobal
