
Microsoft Visual Studio Solution File, Format Version 12.00
# Visual Studio Version 17
VisualStudioVersion = 17.7.34031.279
MinimumVisualStudioVersion = 10.0.40219.1
Project("{FAE04EC0-301F-11D3-BF4B-00C04F79EFBC}") = "lab041", "lab041\lab041.csproj", "{810F53A6-52CC-4A78-A709-417167F359B5}"
EndProject
Project("{FAE04EC0-301F-11D3-BF4B-00C04F79EFBC}") = "lab042", "lab042\lab042.csproj", "{62F219A8-B64D-4EEA-A7CE-6BB7B837D71C}"
EndProject
Project("{FAE04EC0-301F-11D3-BF4B-00C04F79EFBC}") = "lab043", "lab043\lab043.csproj", "{699482C6-5AB5-484A-BEC8-D6A9CC3C9493}"
EndProject
Global
	GlobalSection(SolutionConfigurationPlatforms) = preSolution
		Debug|Any CPU = Debug|Any CPU
		Release|Any CPU = Release|Any CPU
	EndGlobalSection
	GlobalSection(ProjectConfigurationPlatforms) = postSolution
		{810F53A6-52CC-4A78-A709-417167F359B5}.Debug|Any CPU.ActiveCfg = Debug|Any CPU
		{810F53A6-52CC-4A78-A709-417167F359B5}.Debug|Any CPU.Build.0 = Debug|Any CPU
		{810F53A6-52CC-4A78-A709-417167F359B5}.Release|Any CPU.ActiveCfg = Release|Any CPU
		{810F53A6-52CC-4A78-A709-417167F359B5}.Release|Any CPU.Build.0 = Release|Any CPU
		{62F219A8-B64D-4EEA-A7CE-6BB7B837D71C}.Debug|Any CPU.ActiveCfg = Debug|Any CPU
		{62F219A8-B64D-4EEA-A7CE-6BB7B837D71C}.Debug|Any CPU.Build.0 = Debug|Any CPU
		{62F219A8-B64D-4EEA-A7CE-6BB7B837D71C}.Release|Any CPU.ActiveCfg = Release|Any CPU
		{62F219A8-B64D-4EEA-A7CE-6BB7B837D71C}.Release|Any CPU.Build.0 = Release|Any CPU
		{699482C6-5AB5-484A-BEC8-D6A9CC3C9493}.Debug|Any CPU.ActiveCfg = Debug|Any CPU
		{699482C6-5AB5-484A-BEC8-D6A9CC3C9493}.Debug|Any CPU.Build.0 = Debug|Any CPU
		{699482C6-5AB5-484A-BEC8-D6A9CC3C9493}.Release|Any CPU.ActiveCfg = Release|Any CPU
		{699482C6-5AB5-484A-BEC8-D6A9CC3C9493}.Release|Any CPU.Build.0 = Release|Any CPU
	EndGlobalSection
	GlobalSection(SolutionProperties) = preSolution
		HideSolutionNode = FALSE
	EndGlobalSection
	GlobalSection(ExtensibilityGlobals) = postSolution
		SolutionGuid = {C029D111-AF21-4FF1-B53C-F3E822BEED36}
	EndGlobalSection
EndGlobal
